// !$*UTF8*$!
{
	archiveVersion = 1;
	classes = {
	};
	objectVersion = 50;
	objects = {

/* Begin PBXBuildFile section */
		5B68015B2201EF5000751903 /* CalendarCell.swift in Sources */ = {isa = PBXBuildFile; fileRef = 5B6801592201EF5000751903 /* CalendarCell.swift */; };
		5B68015C2201EF5000751903 /* CalendarCell.xib in Resources */ = {isa = PBXBuildFile; fileRef = 5B68015A2201EF5000751903 /* CalendarCell.xib */; };
		5B68015E2201F4CC00751903 /* CalendarVC.swift in Sources */ = {isa = PBXBuildFile; fileRef = 5B68015D2201F4CC00751903 /* CalendarVC.swift */; };
		5B6801602203128B00751903 /* Gradient.swift in Sources */ = {isa = PBXBuildFile; fileRef = 5B68015F2203128B00751903 /* Gradient.swift */; };
		5B89B2C821FF175A00B20013 /* AppDelegate.swift in Sources */ = {isa = PBXBuildFile; fileRef = 5B89B2C721FF175A00B20013 /* AppDelegate.swift */; };
		5B89B2CD21FF175A00B20013 /* Main.storyboard in Resources */ = {isa = PBXBuildFile; fileRef = 5B89B2CB21FF175A00B20013 /* Main.storyboard */; };
		5B89B2CF21FF175C00B20013 /* Assets.xcassets in Resources */ = {isa = PBXBuildFile; fileRef = 5B89B2CE21FF175C00B20013 /* Assets.xcassets */; };
		5B89B2D221FF175C00B20013 /* LaunchScreen.storyboard in Resources */ = {isa = PBXBuildFile; fileRef = 5B89B2D021FF175C00B20013 /* LaunchScreen.storyboard */; };
		5B89B2DD21FF175C00B20013 /* Wassup_ParisTests.swift in Sources */ = {isa = PBXBuildFile; fileRef = 5B89B2DC21FF175C00B20013 /* Wassup_ParisTests.swift */; };
		5B89B2E821FF175C00B20013 /* Wassup_ParisUITests.swift in Sources */ = {isa = PBXBuildFile; fileRef = 5B89B2E721FF175C00B20013 /* Wassup_ParisUITests.swift */; };
		5B89B30721FF4E6600B20013 /* EventsDatasource.swift in Sources */ = {isa = PBXBuildFile; fileRef = 5B89B30621FF4E6600B20013 /* EventsDatasource.swift */; };
		5B89B30B21FF4E7700B20013 /* EventsListVC.swift in Sources */ = {isa = PBXBuildFile; fileRef = 5B89B30921FF4E7700B20013 /* EventsListVC.swift */; };
		5B89B30F21FF4EB100B20013 /* EventCell.xib in Resources */ = {isa = PBXBuildFile; fileRef = 5B89B30D21FF4EB100B20013 /* EventCell.xib */; };
		5B89B31021FF4EB100B20013 /* EventCell.swift in Sources */ = {isa = PBXBuildFile; fileRef = 5B89B30E21FF4EB100B20013 /* EventCell.swift */; };
		5B9994AC21FF573E00077D2D /* Structures.swift in Sources */ = {isa = PBXBuildFile; fileRef = 5B9994AB21FF573E00077D2D /* Structures.swift */; };
		5B9994B02200684000077D2D /* Extensions.swift in Sources */ = {isa = PBXBuildFile; fileRef = 5B9994AF2200684000077D2D /* Extensions.swift */; };
		5B9994B32201276C00077D2D /* EventDetailsVC.swift in Sources */ = {isa = PBXBuildFile; fileRef = 5B9994B22201276C00077D2D /* EventDetailsVC.swift */; };
		5B9994B522012BD300077D2D /* Protocols.swift in Sources */ = {isa = PBXBuildFile; fileRef = 5B9994B422012BD300077D2D /* Protocols.swift */; };
		682360DF50577F17A15CD5D8 /* Pods_Wassup_ParisTests.framework in Frameworks */ = {isa = PBXBuildFile; fileRef = D525DA10E0BDE88783959C2A /* Pods_Wassup_ParisTests.framework */; };
		B16C11A7982B4FEB38C0D838 /* Pods_Wassup_ParisUITests.framework in Frameworks */ = {isa = PBXBuildFile; fileRef = 0C6BDAC710284A905092C29E /* Pods_Wassup_ParisUITests.framework */; };
		F03EFBE7B6962D2A35594890 /* Pods_Wassup_Paris.framework in Frameworks */ = {isa = PBXBuildFile; fileRef = BF04835F9A3579B904CD3B88 /* Pods_Wassup_Paris.framework */; };
/* End PBXBuildFile section */

/* Begin PBXContainerItemProxy section */
		5B89B2D921FF175C00B20013 /* PBXContainerItemProxy */ = {
			isa = PBXContainerItemProxy;
			containerPortal = 5B89B2BC21FF175A00B20013 /* Project object */;
			proxyType = 1;
			remoteGlobalIDString = 5B89B2C321FF175A00B20013;
			remoteInfo = "Wassup Paris";
		};
		5B89B2E421FF175C00B20013 /* PBXContainerItemProxy */ = {
			isa = PBXContainerItemProxy;
			containerPortal = 5B89B2BC21FF175A00B20013 /* Project object */;
			proxyType = 1;
			remoteGlobalIDString = 5B89B2C321FF175A00B20013;
			remoteInfo = "Wassup Paris";
		};
/* End PBXContainerItemProxy section */

/* Begin PBXFileReference section */
		0C6BDAC710284A905092C29E /* Pods_Wassup_ParisUITests.framework */ = {isa = PBXFileReference; explicitFileType = wrapper.framework; includeInIndex = 0; path = Pods_Wassup_ParisUITests.framework; sourceTree = BUILT_PRODUCTS_DIR; };
		29D1BC7BCDFD6AB028A8E4DB /* Pods-Wassup Paris.release.xcconfig */ = {isa = PBXFileReference; includeInIndex = 1; lastKnownFileType = text.xcconfig; name = "Pods-Wassup Paris.release.xcconfig"; path = "Pods/Target Support Files/Pods-Wassup Paris/Pods-Wassup Paris.release.xcconfig"; sourceTree = "<group>"; };
		4248F91572BB40FE27C25C9C /* Pods-Wassup ParisUITests.release.xcconfig */ = {isa = PBXFileReference; includeInIndex = 1; lastKnownFileType = text.xcconfig; name = "Pods-Wassup ParisUITests.release.xcconfig"; path = "Pods/Target Support Files/Pods-Wassup ParisUITests/Pods-Wassup ParisUITests.release.xcconfig"; sourceTree = "<group>"; };
		4D31D7D8D2EFDB086D6492E2 /* Pods-Wassup ParisTests.release.xcconfig */ = {isa = PBXFileReference; includeInIndex = 1; lastKnownFileType = text.xcconfig; name = "Pods-Wassup ParisTests.release.xcconfig"; path = "Pods/Target Support Files/Pods-Wassup ParisTests/Pods-Wassup ParisTests.release.xcconfig"; sourceTree = "<group>"; };
		5B6801592201EF5000751903 /* CalendarCell.swift */ = {isa = PBXFileReference; lastKnownFileType = sourcecode.swift; path = CalendarCell.swift; sourceTree = "<group>"; };
		5B68015A2201EF5000751903 /* CalendarCell.xib */ = {isa = PBXFileReference; lastKnownFileType = file.xib; path = CalendarCell.xib; sourceTree = "<group>"; };
		5B68015D2201F4CC00751903 /* CalendarVC.swift */ = {isa = PBXFileReference; lastKnownFileType = sourcecode.swift; path = CalendarVC.swift; sourceTree = "<group>"; };
		5B68015F2203128B00751903 /* Gradient.swift */ = {isa = PBXFileReference; lastKnownFileType = sourcecode.swift; path = Gradient.swift; sourceTree = "<group>"; };
		5B89B2C421FF175A00B20013 /* Wassup Paris.app */ = {isa = PBXFileReference; explicitFileType = wrapper.application; includeInIndex = 0; path = "Wassup Paris.app"; sourceTree = BUILT_PRODUCTS_DIR; };
		5B89B2C721FF175A00B20013 /* AppDelegate.swift */ = {isa = PBXFileReference; lastKnownFileType = sourcecode.swift; path = AppDelegate.swift; sourceTree = "<group>"; };
		5B89B2CC21FF175A00B20013 /* Base */ = {isa = PBXFileReference; lastKnownFileType = file.storyboard; name = Base; path = Base.lproj/Main.storyboard; sourceTree = "<group>"; };
		5B89B2CE21FF175C00B20013 /* Assets.xcassets */ = {isa = PBXFileReference; lastKnownFileType = folder.assetcatalog; path = Assets.xcassets; sourceTree = "<group>"; };
		5B89B2D121FF175C00B20013 /* Base */ = {isa = PBXFileReference; lastKnownFileType = file.storyboard; name = Base; path = Base.lproj/LaunchScreen.storyboard; sourceTree = "<group>"; };
		5B89B2D321FF175C00B20013 /* Info.plist */ = {isa = PBXFileReference; lastKnownFileType = text.plist.xml; path = Info.plist; sourceTree = "<group>"; };
		5B89B2D821FF175C00B20013 /* Wassup ParisTests.xctest */ = {isa = PBXFileReference; explicitFileType = wrapper.cfbundle; includeInIndex = 0; path = "Wassup ParisTests.xctest"; sourceTree = BUILT_PRODUCTS_DIR; };
		5B89B2DC21FF175C00B20013 /* Wassup_ParisTests.swift */ = {isa = PBXFileReference; lastKnownFileType = sourcecode.swift; path = Wassup_ParisTests.swift; sourceTree = "<group>"; };
		5B89B2DE21FF175C00B20013 /* Info.plist */ = {isa = PBXFileReference; lastKnownFileType = text.plist.xml; path = Info.plist; sourceTree = "<group>"; };
		5B89B2E321FF175C00B20013 /* Wassup ParisUITests.xctest */ = {isa = PBXFileReference; explicitFileType = wrapper.cfbundle; includeInIndex = 0; path = "Wassup ParisUITests.xctest"; sourceTree = BUILT_PRODUCTS_DIR; };
		5B89B2E721FF175C00B20013 /* Wassup_ParisUITests.swift */ = {isa = PBXFileReference; lastKnownFileType = sourcecode.swift; path = Wassup_ParisUITests.swift; sourceTree = "<group>"; };
		5B89B2E921FF175C00B20013 /* Info.plist */ = {isa = PBXFileReference; lastKnownFileType = text.plist.xml; path = Info.plist; sourceTree = "<group>"; };
		5B89B30621FF4E6600B20013 /* EventsDatasource.swift */ = {isa = PBXFileReference; fileEncoding = 4; lastKnownFileType = sourcecode.swift; name = EventsDatasource.swift; path = "Wassup Paris/Datasources/EventsDatasource.swift"; sourceTree = SOURCE_ROOT; };
		5B89B30921FF4E7700B20013 /* EventsListVC.swift */ = {isa = PBXFileReference; fileEncoding = 4; lastKnownFileType = sourcecode.swift; name = EventsListVC.swift; path = "Wassup Paris/VC/EventsListVC.swift"; sourceTree = SOURCE_ROOT; };
		5B89B30D21FF4EB100B20013 /* EventCell.xib */ = {isa = PBXFileReference; fileEncoding = 4; lastKnownFileType = file.xib; name = EventCell.xib; path = "Wassup Paris/Cells/EventCell/EventCell.xib"; sourceTree = SOURCE_ROOT; };
		5B89B30E21FF4EB100B20013 /* EventCell.swift */ = {isa = PBXFileReference; fileEncoding = 4; lastKnownFileType = sourcecode.swift; name = EventCell.swift; path = "Wassup Paris/Cells/EventCell/EventCell.swift"; sourceTree = SOURCE_ROOT; };
		5B9994AB21FF573E00077D2D /* Structures.swift */ = {isa = PBXFileReference; lastKnownFileType = sourcecode.swift; path = Structures.swift; sourceTree = "<group>"; };
		5B9994AF2200684000077D2D /* Extensions.swift */ = {isa = PBXFileReference; lastKnownFileType = sourcecode.swift; path = Extensions.swift; sourceTree = "<group>"; };
		5B9994B22201276C00077D2D /* EventDetailsVC.swift */ = {isa = PBXFileReference; lastKnownFileType = sourcecode.swift; path = EventDetailsVC.swift; sourceTree = "<group>"; };
		5B9994B422012BD300077D2D /* Protocols.swift */ = {isa = PBXFileReference; lastKnownFileType = sourcecode.swift; path = Protocols.swift; sourceTree = "<group>"; };
		9935C9E2CFFE0E3EA3F9B8F1 /* Pods-Wassup ParisUITests.debug.xcconfig */ = {isa = PBXFileReference; includeInIndex = 1; lastKnownFileType = text.xcconfig; name = "Pods-Wassup ParisUITests.debug.xcconfig"; path = "Pods/Target Support Files/Pods-Wassup ParisUITests/Pods-Wassup ParisUITests.debug.xcconfig"; sourceTree = "<group>"; };
		BF04835F9A3579B904CD3B88 /* Pods_Wassup_Paris.framework */ = {isa = PBXFileReference; explicitFileType = wrapper.framework; includeInIndex = 0; path = Pods_Wassup_Paris.framework; sourceTree = BUILT_PRODUCTS_DIR; };
		D4CCC20FFBD6B43D17648A63 /* Pods-Wassup Paris.debug.xcconfig */ = {isa = PBXFileReference; includeInIndex = 1; lastKnownFileType = text.xcconfig; name = "Pods-Wassup Paris.debug.xcconfig"; path = "Pods/Target Support Files/Pods-Wassup Paris/Pods-Wassup Paris.debug.xcconfig"; sourceTree = "<group>"; };
		D525DA10E0BDE88783959C2A /* Pods_Wassup_ParisTests.framework */ = {isa = PBXFileReference; explicitFileType = wrapper.framework; includeInIndex = 0; path = Pods_Wassup_ParisTests.framework; sourceTree = BUILT_PRODUCTS_DIR; };
		EE18F951156BCD003B6B0646 /* Pods-Wassup ParisTests.debug.xcconfig */ = {isa = PBXFileReference; includeInIndex = 1; lastKnownFileType = text.xcconfig; name = "Pods-Wassup ParisTests.debug.xcconfig"; path = "Pods/Target Support Files/Pods-Wassup ParisTests/Pods-Wassup ParisTests.debug.xcconfig"; sourceTree = "<group>"; };
/* End PBXFileReference section */

/* Begin PBXFrameworksBuildPhase section */
		5B89B2C121FF175A00B20013 /* Frameworks */ = {
			isa = PBXFrameworksBuildPhase;
			buildActionMask = 2147483647;
			files = (
				F03EFBE7B6962D2A35594890 /* Pods_Wassup_Paris.framework in Frameworks */,
			);
			runOnlyForDeploymentPostprocessing = 0;
		};
		5B89B2D521FF175C00B20013 /* Frameworks */ = {
			isa = PBXFrameworksBuildPhase;
			buildActionMask = 2147483647;
			files = (
				682360DF50577F17A15CD5D8 /* Pods_Wassup_ParisTests.framework in Frameworks */,
			);
			runOnlyForDeploymentPostprocessing = 0;
		};
		5B89B2E021FF175C00B20013 /* Frameworks */ = {
			isa = PBXFrameworksBuildPhase;
			buildActionMask = 2147483647;
			files = (
				B16C11A7982B4FEB38C0D838 /* Pods_Wassup_ParisUITests.framework in Frameworks */,
			);
			runOnlyForDeploymentPostprocessing = 0;
		};
/* End PBXFrameworksBuildPhase section */

/* Begin PBXGroup section */
		5B7CF239220321B900FF551E /* CalendarCell */ = {
			isa = PBXGroup;
			children = (
				5B6801592201EF5000751903 /* CalendarCell.swift */,
				5B68015A2201EF5000751903 /* CalendarCell.xib */,
			);
			path = CalendarCell;
			sourceTree = "<group>";
		};
		5B89B2BB21FF175A00B20013 = {
			isa = PBXGroup;
			children = (
				5B89B2C621FF175A00B20013 /* Wassup Paris */,
				5B89B2DB21FF175C00B20013 /* Wassup ParisTests */,
				5B89B2E621FF175C00B20013 /* Wassup ParisUITests */,
				5B89B2C521FF175A00B20013 /* Products */,
				C820F3F8441FD4D27FA04191 /* Pods */,
				B0A3D6D474D5142915276D37 /* Frameworks */,
			);
			sourceTree = "<group>";
		};
		5B89B2C521FF175A00B20013 /* Products */ = {
			isa = PBXGroup;
			children = (
				5B89B2C421FF175A00B20013 /* Wassup Paris.app */,
				5B89B2D821FF175C00B20013 /* Wassup ParisTests.xctest */,
				5B89B2E321FF175C00B20013 /* Wassup ParisUITests.xctest */,
			);
			name = Products;
			sourceTree = "<group>";
		};
		5B89B2C621FF175A00B20013 /* Wassup Paris */ = {
			isa = PBXGroup;
			children = (
				5B89B2C721FF175A00B20013 /* AppDelegate.swift */,
				5B9994A921FF4FA300077D2D /* Storyboards */,
				5B89B30121FF4D1A00B20013 /* VC */,
				5B89B30221FF4D3A00B20013 /* Datasources */,
				5B89B30C21FF4E8E00B20013 /* Cells */,
				5B9994AA21FF572000077D2D /* Structures */,
				5B89B2CE21FF175C00B20013 /* Assets.xcassets */,
				5B89B2D321FF175C00B20013 /* Info.plist */,
				5B9994B12200684300077D2D /* Misc */,
			);
			path = "Wassup Paris";
			sourceTree = "<group>";
		};
		5B89B2DB21FF175C00B20013 /* Wassup ParisTests */ = {
			isa = PBXGroup;
			children = (
				5B89B2DC21FF175C00B20013 /* Wassup_ParisTests.swift */,
				5B89B2DE21FF175C00B20013 /* Info.plist */,
			);
			path = "Wassup ParisTests";
			sourceTree = "<group>";
		};
		5B89B2E621FF175C00B20013 /* Wassup ParisUITests */ = {
			isa = PBXGroup;
			children = (
				5B89B2E721FF175C00B20013 /* Wassup_ParisUITests.swift */,
				5B89B2E921FF175C00B20013 /* Info.plist */,
			);
			path = "Wassup ParisUITests";
			sourceTree = "<group>";
		};
		5B89B30121FF4D1A00B20013 /* VC */ = {
			isa = PBXGroup;
			children = (
				5B89B30921FF4E7700B20013 /* EventsListVC.swift */,
				5B9994B22201276C00077D2D /* EventDetailsVC.swift */,
				5B68015D2201F4CC00751903 /* CalendarVC.swift */,
			);
			path = VC;
			sourceTree = "<group>";
		};
		5B89B30221FF4D3A00B20013 /* Datasources */ = {
			isa = PBXGroup;
			children = (
				5B89B30621FF4E6600B20013 /* EventsDatasource.swift */,
			);
			path = Datasources;
			sourceTree = "<group>";
		};
		5B89B30C21FF4E8E00B20013 /* Cells */ = {
			isa = PBXGroup;
			children = (
				5B9994B62201E90200077D2D /* EventCell */,
				5B7CF239220321B900FF551E /* CalendarCell */,
			);
			path = Cells;
			sourceTree = "<group>";
		};
		5B9994A921FF4FA300077D2D /* Storyboards */ = {
			isa = PBXGroup;
			children = (
				5B89B2D021FF175C00B20013 /* LaunchScreen.storyboard */,
				5B89B2CB21FF175A00B20013 /* Main.storyboard */,
			);
			path = Storyboards;
			sourceTree = "<group>";
		};
		5B9994AA21FF572000077D2D /* Structures */ = {
			isa = PBXGroup;
			children = (
				5B9994AB21FF573E00077D2D /* Structures.swift */,
			);
			path = Structures;
			sourceTree = "<group>";
		};
		5B9994B12200684300077D2D /* Misc */ = {
			isa = PBXGroup;
			children = (
				5B9994AF2200684000077D2D /* Extensions.swift */,
				5B9994B422012BD300077D2D /* Protocols.swift */,
				5B68015F2203128B00751903 /* Gradient.swift */,
			);
			path = Misc;
			sourceTree = "<group>";
		};
		5B9994B62201E90200077D2D /* EventCell */ = {
			isa = PBXGroup;
			children = (
				5B89B30E21FF4EB100B20013 /* EventCell.swift */,
				5B89B30D21FF4EB100B20013 /* EventCell.xib */,
			);
			path = EventCell;
			sourceTree = "<group>";
		};
		B0A3D6D474D5142915276D37 /* Frameworks */ = {
			isa = PBXGroup;
			children = (
				BF04835F9A3579B904CD3B88 /* Pods_Wassup_Paris.framework */,
				D525DA10E0BDE88783959C2A /* Pods_Wassup_ParisTests.framework */,
				0C6BDAC710284A905092C29E /* Pods_Wassup_ParisUITests.framework */,
			);
			name = Frameworks;
			sourceTree = "<group>";
		};
		C820F3F8441FD4D27FA04191 /* Pods */ = {
			isa = PBXGroup;
			children = (
				D4CCC20FFBD6B43D17648A63 /* Pods-Wassup Paris.debug.xcconfig */,
				29D1BC7BCDFD6AB028A8E4DB /* Pods-Wassup Paris.release.xcconfig */,
				EE18F951156BCD003B6B0646 /* Pods-Wassup ParisTests.debug.xcconfig */,
				4D31D7D8D2EFDB086D6492E2 /* Pods-Wassup ParisTests.release.xcconfig */,
				9935C9E2CFFE0E3EA3F9B8F1 /* Pods-Wassup ParisUITests.debug.xcconfig */,
				4248F91572BB40FE27C25C9C /* Pods-Wassup ParisUITests.release.xcconfig */,
			);
			name = Pods;
			sourceTree = "<group>";
		};
/* End PBXGroup section */

/* Begin PBXNativeTarget section */
		5B89B2C321FF175A00B20013 /* Wassup Paris */ = {
			isa = PBXNativeTarget;
			buildConfigurationList = 5B89B2EC21FF175C00B20013 /* Build configuration list for PBXNativeTarget "Wassup Paris" */;
			buildPhases = (
				2B1BF1F98B91B2430C4C5490 /* [CP] Check Pods Manifest.lock */,
				5B89B2C021FF175A00B20013 /* Sources */,
				5B89B2C121FF175A00B20013 /* Frameworks */,
				5B89B2C221FF175A00B20013 /* Resources */,
				E68DB7BD9FD79FC6AA9B8503 /* [CP] Embed Pods Frameworks */,
			);
			buildRules = (
			);
			dependencies = (
			);
			name = "Wassup Paris";
			productName = "Wassup Paris";
			productReference = 5B89B2C421FF175A00B20013 /* Wassup Paris.app */;
			productType = "com.apple.product-type.application";
		};
		5B89B2D721FF175C00B20013 /* Wassup ParisTests */ = {
			isa = PBXNativeTarget;
			buildConfigurationList = 5B89B2EF21FF175C00B20013 /* Build configuration list for PBXNativeTarget "Wassup ParisTests" */;
			buildPhases = (
				B0D6926D841BFF3FB655ED23 /* [CP] Check Pods Manifest.lock */,
				5B89B2D421FF175C00B20013 /* Sources */,
				5B89B2D521FF175C00B20013 /* Frameworks */,
				5B89B2D621FF175C00B20013 /* Resources */,
			);
			buildRules = (
			);
			dependencies = (
				5B89B2DA21FF175C00B20013 /* PBXTargetDependency */,
			);
			name = "Wassup ParisTests";
			productName = "Wassup ParisTests";
			productReference = 5B89B2D821FF175C00B20013 /* Wassup ParisTests.xctest */;
			productType = "com.apple.product-type.bundle.unit-test";
		};
		5B89B2E221FF175C00B20013 /* Wassup ParisUITests */ = {
			isa = PBXNativeTarget;
			buildConfigurationList = 5B89B2F221FF175C00B20013 /* Build configuration list for PBXNativeTarget "Wassup ParisUITests" */;
			buildPhases = (
				C338E6B98E9911CB96F63AC1 /* [CP] Check Pods Manifest.lock */,
				5B89B2DF21FF175C00B20013 /* Sources */,
				5B89B2E021FF175C00B20013 /* Frameworks */,
				5B89B2E121FF175C00B20013 /* Resources */,
			);
			buildRules = (
			);
			dependencies = (
				5B89B2E521FF175C00B20013 /* PBXTargetDependency */,
			);
			name = "Wassup ParisUITests";
			productName = "Wassup ParisUITests";
			productReference = 5B89B2E321FF175C00B20013 /* Wassup ParisUITests.xctest */;
			productType = "com.apple.product-type.bundle.ui-testing";
		};
/* End PBXNativeTarget section */

/* Begin PBXProject section */
		5B89B2BC21FF175A00B20013 /* Project object */ = {
			isa = PBXProject;
			attributes = {
				LastSwiftUpdateCheck = 1010;
				LastUpgradeCheck = 1010;
				ORGANIZATIONNAME = braminstudio;
				TargetAttributes = {
					5B89B2C321FF175A00B20013 = {
						CreatedOnToolsVersion = 10.1;
					};
					5B89B2D721FF175C00B20013 = {
						CreatedOnToolsVersion = 10.1;
						TestTargetID = 5B89B2C321FF175A00B20013;
					};
					5B89B2E221FF175C00B20013 = {
						CreatedOnToolsVersion = 10.1;
						TestTargetID = 5B89B2C321FF175A00B20013;
					};
				};
			};
			buildConfigurationList = 5B89B2BF21FF175A00B20013 /* Build configuration list for PBXProject "Wassup Paris" */;
			compatibilityVersion = "Xcode 9.3";
			developmentRegion = en;
			hasScannedForEncodings = 0;
			knownRegions = (
				en,
				Base,
			);
			mainGroup = 5B89B2BB21FF175A00B20013;
			productRefGroup = 5B89B2C521FF175A00B20013 /* Products */;
			projectDirPath = "";
			projectRoot = "";
			targets = (
				5B89B2C321FF175A00B20013 /* Wassup Paris */,
				5B89B2D721FF175C00B20013 /* Wassup ParisTests */,
				5B89B2E221FF175C00B20013 /* Wassup ParisUITests */,
			);
		};
/* End PBXProject section */

/* Begin PBXResourcesBuildPhase section */
		5B89B2C221FF175A00B20013 /* Resources */ = {
			isa = PBXResourcesBuildPhase;
			buildActionMask = 2147483647;
			files = (
				5B89B30F21FF4EB100B20013 /* EventCell.xib in Resources */,
				5B89B2D221FF175C00B20013 /* LaunchScreen.storyboard in Resources */,
				5B89B2CF21FF175C00B20013 /* Assets.xcassets in Resources */,
				5B89B2CD21FF175A00B20013 /* Main.storyboard in Resources */,
				5B68015C2201EF5000751903 /* CalendarCell.xib in Resources */,
			);
			runOnlyForDeploymentPostprocessing = 0;
		};
		5B89B2D621FF175C00B20013 /* Resources */ = {
			isa = PBXResourcesBuildPhase;
			buildActionMask = 2147483647;
			files = (
			);
			runOnlyForDeploymentPostprocessing = 0;
		};
		5B89B2E121FF175C00B20013 /* Resources */ = {
			isa = PBXResourcesBuildPhase;
			buildActionMask = 2147483647;
			files = (
			);
			runOnlyForDeploymentPostprocessing = 0;
		};
/* End PBXResourcesBuildPhase section */

/* Begin PBXShellScriptBuildPhase section */
		2B1BF1F98B91B2430C4C5490 /* [CP] Check Pods Manifest.lock */ = {
			isa = PBXShellScriptBuildPhase;
			buildActionMask = 2147483647;
			files = (
			);
			inputPaths = (
				"${PODS_PODFILE_DIR_PATH}/Podfile.lock",
				"${PODS_ROOT}/Manifest.lock",
			);
			name = "[CP] Check Pods Manifest.lock";
			outputPaths = (
				"$(DERIVED_FILE_DIR)/Pods-Wassup Paris-checkManifestLockResult.txt",
			);
			runOnlyForDeploymentPostprocessing = 0;
			shellPath = /bin/sh;
			shellScript = "diff \"${PODS_PODFILE_DIR_PATH}/Podfile.lock\" \"${PODS_ROOT}/Manifest.lock\" > /dev/null\nif [ $? != 0 ] ; then\n    # print error to STDERR\n    echo \"error: The sandbox is not in sync with the Podfile.lock. Run 'pod install' or update your CocoaPods installation.\" >&2\n    exit 1\nfi\n# This output is used by Xcode 'outputs' to avoid re-running this script phase.\necho \"SUCCESS\" > \"${SCRIPT_OUTPUT_FILE_0}\"\n";
			showEnvVarsInLog = 0;
		};
		B0D6926D841BFF3FB655ED23 /* [CP] Check Pods Manifest.lock */ = {
			isa = PBXShellScriptBuildPhase;
			buildActionMask = 2147483647;
			files = (
			);
			inputPaths = (
				"${PODS_PODFILE_DIR_PATH}/Podfile.lock",
				"${PODS_ROOT}/Manifest.lock",
			);
			name = "[CP] Check Pods Manifest.lock";
			outputPaths = (
				"$(DERIVED_FILE_DIR)/Pods-Wassup ParisTests-checkManifestLockResult.txt",
			);
			runOnlyForDeploymentPostprocessing = 0;
			shellPath = /bin/sh;
			shellScript = "diff \"${PODS_PODFILE_DIR_PATH}/Podfile.lock\" \"${PODS_ROOT}/Manifest.lock\" > /dev/null\nif [ $? != 0 ] ; then\n    # print error to STDERR\n    echo \"error: The sandbox is not in sync with the Podfile.lock. Run 'pod install' or update your CocoaPods installation.\" >&2\n    exit 1\nfi\n# This output is used by Xcode 'outputs' to avoid re-running this script phase.\necho \"SUCCESS\" > \"${SCRIPT_OUTPUT_FILE_0}\"\n";
			showEnvVarsInLog = 0;
		};
		C338E6B98E9911CB96F63AC1 /* [CP] Check Pods Manifest.lock */ = {
			isa = PBXShellScriptBuildPhase;
			buildActionMask = 2147483647;
			files = (
			);
			inputPaths = (
				"${PODS_PODFILE_DIR_PATH}/Podfile.lock",
				"${PODS_ROOT}/Manifest.lock",
			);
			name = "[CP] Check Pods Manifest.lock";
			outputPaths = (
				"$(DERIVED_FILE_DIR)/Pods-Wassup ParisUITests-checkManifestLockResult.txt",
			);
			runOnlyForDeploymentPostprocessing = 0;
			shellPath = /bin/sh;
			shellScript = "diff \"${PODS_PODFILE_DIR_PATH}/Podfile.lock\" \"${PODS_ROOT}/Manifest.lock\" > /dev/null\nif [ $? != 0 ] ; then\n    # print error to STDERR\n    echo \"error: The sandbox is not in sync with the Podfile.lock. Run 'pod install' or update your CocoaPods installation.\" >&2\n    exit 1\nfi\n# This output is used by Xcode 'outputs' to avoid re-running this script phase.\necho \"SUCCESS\" > \"${SCRIPT_OUTPUT_FILE_0}\"\n";
			showEnvVarsInLog = 0;
		};
		E68DB7BD9FD79FC6AA9B8503 /* [CP] Embed Pods Frameworks */ = {
			isa = PBXShellScriptBuildPhase;
			buildActionMask = 2147483647;
			files = (
			);
			inputPaths = (
				"${SRCROOT}/Pods/Target Support Files/Pods-Wassup Paris/Pods-Wassup Paris-frameworks.sh",
				"${BUILT_PRODUCTS_DIR}/JTAppleCalendar/JTAppleCalendar.framework",
			);
			name = "[CP] Embed Pods Frameworks";
			outputPaths = (
				"${TARGET_BUILD_DIR}/${FRAMEWORKS_FOLDER_PATH}/JTAppleCalendar.framework",
			);
			runOnlyForDeploymentPostprocessing = 0;
			shellPath = /bin/sh;
			shellScript = "\"${SRCROOT}/Pods/Target Support Files/Pods-Wassup Paris/Pods-Wassup Paris-frameworks.sh\"\n";
			showEnvVarsInLog = 0;
		};
/* End PBXShellScriptBuildPhase section */

/* Begin PBXSourcesBuildPhase section */
		5B89B2C021FF175A00B20013 /* Sources */ = {
			isa = PBXSourcesBuildPhase;
			buildActionMask = 2147483647;
			files = (
				5B89B30721FF4E6600B20013 /* EventsDatasource.swift in Sources */,
				5B9994B02200684000077D2D /* Extensions.swift in Sources */,
				5B89B30B21FF4E7700B20013 /* EventsListVC.swift in Sources */,
				5B9994AC21FF573E00077D2D /* Structures.swift in Sources */,
				5B68015B2201EF5000751903 /* CalendarCell.swift in Sources */,
				5B89B31021FF4EB100B20013 /* EventCell.swift in Sources */,
				5B9994B32201276C00077D2D /* EventDetailsVC.swift in Sources */,
				5B89B2C821FF175A00B20013 /* AppDelegate.swift in Sources */,
				5B6801602203128B00751903 /* Gradient.swift in Sources */,
				5B9994B522012BD300077D2D /* Protocols.swift in Sources */,
				5B68015E2201F4CC00751903 /* CalendarVC.swift in Sources */,
			);
			runOnlyForDeploymentPostprocessing = 0;
		};
		5B89B2D421FF175C00B20013 /* Sources */ = {
			isa = PBXSourcesBuildPhase;
			buildActionMask = 2147483647;
			files = (
				5B89B2DD21FF175C00B20013 /* Wassup_ParisTests.swift in Sources */,
			);
			runOnlyForDeploymentPostprocessing = 0;
		};
		5B89B2DF21FF175C00B20013 /* Sources */ = {
			isa = PBXSourcesBuildPhase;
			buildActionMask = 2147483647;
			files = (
				5B89B2E821FF175C00B20013 /* Wassup_ParisUITests.swift in Sources */,
			);
			runOnlyForDeploymentPostprocessing = 0;
		};
/* End PBXSourcesBuildPhase section */

/* Begin PBXTargetDependency section */
		5B89B2DA21FF175C00B20013 /* PBXTargetDependency */ = {
			isa = PBXTargetDependency;
			target = 5B89B2C321FF175A00B20013 /* Wassup Paris */;
			targetProxy = 5B89B2D921FF175C00B20013 /* PBXContainerItemProxy */;
		};
		5B89B2E521FF175C00B20013 /* PBXTargetDependency */ = {
			isa = PBXTargetDependency;
			target = 5B89B2C321FF175A00B20013 /* Wassup Paris */;
			targetProxy = 5B89B2E421FF175C00B20013 /* PBXContainerItemProxy */;
		};
/* End PBXTargetDependency section */

/* Begin PBXVariantGroup section */
		5B89B2CB21FF175A00B20013 /* Main.storyboard */ = {
			isa = PBXVariantGroup;
			children = (
				5B89B2CC21FF175A00B20013 /* Base */,
			);
			name = Main.storyboard;
			sourceTree = "<group>";
		};
		5B89B2D021FF175C00B20013 /* LaunchScreen.storyboard */ = {
			isa = PBXVariantGroup;
			children = (
				5B89B2D121FF175C00B20013 /* Base */,
			);
			name = LaunchScreen.storyboard;
			sourceTree = "<group>";
		};
/* End PBXVariantGroup section */

/* Begin XCBuildConfiguration section */
		5B89B2EA21FF175C00B20013 /* Debug */ = {
			isa = XCBuildConfiguration;
			buildSettings = {
				ALWAYS_SEARCH_USER_PATHS = NO;
				CLANG_ANALYZER_NONNULL = YES;
				CLANG_ANALYZER_NUMBER_OBJECT_CONVERSION = YES_AGGRESSIVE;
				CLANG_CXX_LANGUAGE_STANDARD = "gnu++14";
				CLANG_CXX_LIBRARY = "libc++";
				CLANG_ENABLE_MODULES = YES;
				CLANG_ENABLE_OBJC_ARC = YES;
				CLANG_ENABLE_OBJC_WEAK = YES;
				CLANG_WARN_BLOCK_CAPTURE_AUTORELEASING = YES;
				CLANG_WARN_BOOL_CONVERSION = YES;
				CLANG_WARN_COMMA = YES;
				CLANG_WARN_CONSTANT_CONVERSION = YES;
				CLANG_WARN_DEPRECATED_OBJC_IMPLEMENTATIONS = YES;
				CLANG_WARN_DIRECT_OBJC_ISA_USAGE = YES_ERROR;
				CLANG_WARN_DOCUMENTATION_COMMENTS = YES;
				CLANG_WARN_EMPTY_BODY = YES;
				CLANG_WARN_ENUM_CONVERSION = YES;
				CLANG_WARN_INFINITE_RECURSION = YES;
				CLANG_WARN_INT_CONVERSION = YES;
				CLANG_WARN_NON_LITERAL_NULL_CONVERSION = YES;
				CLANG_WARN_OBJC_IMPLICIT_RETAIN_SELF = YES;
				CLANG_WARN_OBJC_LITERAL_CONVERSION = YES;
				CLANG_WARN_OBJC_ROOT_CLASS = YES_ERROR;
				CLANG_WARN_RANGE_LOOP_ANALYSIS = YES;
				CLANG_WARN_STRICT_PROTOTYPES = YES;
				CLANG_WARN_SUSPICIOUS_MOVE = YES;
				CLANG_WARN_UNGUARDED_AVAILABILITY = YES_AGGRESSIVE;
				CLANG_WARN_UNREACHABLE_CODE = YES;
				CLANG_WARN__DUPLICATE_METHOD_MATCH = YES;
				CODE_SIGN_IDENTITY = "iPhone Developer";
				COPY_PHASE_STRIP = NO;
				DEBUG_INFORMATION_FORMAT = dwarf;
				ENABLE_STRICT_OBJC_MSGSEND = YES;
				ENABLE_TESTABILITY = YES;
				GCC_C_LANGUAGE_STANDARD = gnu11;
				GCC_DYNAMIC_NO_PIC = NO;
				GCC_NO_COMMON_BLOCKS = YES;
				GCC_OPTIMIZATION_LEVEL = 0;
				GCC_PREPROCESSOR_DEFINITIONS = (
					"DEBUG=1",
					"$(inherited)",
				);
				GCC_WARN_64_TO_32_BIT_CONVERSION = YES;
				GCC_WARN_ABOUT_RETURN_TYPE = YES_ERROR;
				GCC_WARN_UNDECLARED_SELECTOR = YES;
				GCC_WARN_UNINITIALIZED_AUTOS = YES_AGGRESSIVE;
				GCC_WARN_UNUSED_FUNCTION = YES;
				GCC_WARN_UNUSED_VARIABLE = YES;
				IPHONEOS_DEPLOYMENT_TARGET = 12.1;
				MTL_ENABLE_DEBUG_INFO = INCLUDE_SOURCE;
				MTL_FAST_MATH = YES;
				ONLY_ACTIVE_ARCH = YES;
				SDKROOT = iphoneos;
				SWIFT_ACTIVE_COMPILATION_CONDITIONS = DEBUG;
				SWIFT_OPTIMIZATION_LEVEL = "-Onone";
			};
			name = Debug;
		};
		5B89B2EB21FF175C00B20013 /* Release */ = {
			isa = XCBuildConfiguration;
			buildSettings = {
				ALWAYS_SEARCH_USER_PATHS = NO;
				CLANG_ANALYZER_NONNULL = YES;
				CLANG_ANALYZER_NUMBER_OBJECT_CONVERSION = YES_AGGRESSIVE;
				CLANG_CXX_LANGUAGE_STANDARD = "gnu++14";
				CLANG_CXX_LIBRARY = "libc++";
				CLANG_ENABLE_MODULES = YES;
				CLANG_ENABLE_OBJC_ARC = YES;
				CLANG_ENABLE_OBJC_WEAK = YES;
				CLANG_WARN_BLOCK_CAPTURE_AUTORELEASING = YES;
				CLANG_WARN_BOOL_CONVERSION = YES;
				CLANG_WARN_COMMA = YES;
				CLANG_WARN_CONSTANT_CONVERSION = YES;
				CLANG_WARN_DEPRECATED_OBJC_IMPLEMENTATIONS = YES;
				CLANG_WARN_DIRECT_OBJC_ISA_USAGE = YES_ERROR;
				CLANG_WARN_DOCUMENTATION_COMMENTS = YES;
				CLANG_WARN_EMPTY_BODY = YES;
				CLANG_WARN_ENUM_CONVERSION = YES;
				CLANG_WARN_INFINITE_RECURSION = YES;
				CLANG_WARN_INT_CONVERSION = YES;
				CLANG_WARN_NON_LITERAL_NULL_CONVERSION = YES;
				CLANG_WARN_OBJC_IMPLICIT_RETAIN_SELF = YES;
				CLANG_WARN_OBJC_LITERAL_CONVERSION = YES;
				CLANG_WARN_OBJC_ROOT_CLASS = YES_ERROR;
				CLANG_WARN_RANGE_LOOP_ANALYSIS = YES;
				CLANG_WARN_STRICT_PROTOTYPES = YES;
				CLANG_WARN_SUSPICIOUS_MOVE = YES;
				CLANG_WARN_UNGUARDED_AVAILABILITY = YES_AGGRESSIVE;
				CLANG_WARN_UNREACHABLE_CODE = YES;
				CLANG_WARN__DUPLICATE_METHOD_MATCH = YES;
				CODE_SIGN_IDENTITY = "iPhone Developer";
				COPY_PHASE_STRIP = NO;
				DEBUG_INFORMATION_FORMAT = "dwarf-with-dsym";
				ENABLE_NS_ASSERTIONS = NO;
				ENABLE_STRICT_OBJC_MSGSEND = YES;
				GCC_C_LANGUAGE_STANDARD = gnu11;
				GCC_NO_COMMON_BLOCKS = YES;
				GCC_WARN_64_TO_32_BIT_CONVERSION = YES;
				GCC_WARN_ABOUT_RETURN_TYPE = YES_ERROR;
				GCC_WARN_UNDECLARED_SELECTOR = YES;
				GCC_WARN_UNINITIALIZED_AUTOS = YES_AGGRESSIVE;
				GCC_WARN_UNUSED_FUNCTION = YES;
				GCC_WARN_UNUSED_VARIABLE = YES;
				IPHONEOS_DEPLOYMENT_TARGET = 12.1;
				MTL_ENABLE_DEBUG_INFO = NO;
				MTL_FAST_MATH = YES;
				SDKROOT = iphoneos;
				SWIFT_COMPILATION_MODE = wholemodule;
				SWIFT_OPTIMIZATION_LEVEL = "-O";
				VALIDATE_PRODUCT = YES;
			};
			name = Release;
		};
		5B89B2ED21FF175C00B20013 /* Debug */ = {
			isa = XCBuildConfiguration;
			baseConfigurationReference = D4CCC20FFBD6B43D17648A63 /* Pods-Wassup Paris.debug.xcconfig */;
			buildSettings = {
				ASSETCATALOG_COMPILER_APPICON_NAME = AppIcon;
				CODE_SIGN_STYLE = Automatic;
				DEVELOPMENT_TEAM = EM9P8H6H4E;
				INFOPLIST_FILE = "Wassup Paris/Info.plist";
				IPHONEOS_DEPLOYMENT_TARGET = 9.0;
				LD_RUNPATH_SEARCH_PATHS = (
					"$(inherited)",
					"@executable_path/Frameworks",
				);
				PRODUCT_BUNDLE_IDENTIFIER = "braminstudio.Wassup-Paris";
				PRODUCT_NAME = "$(TARGET_NAME)";
				SWIFT_VERSION = 4.2;
				TARGETED_DEVICE_FAMILY = "1,2";
			};
			name = Debug;
		};
		5B89B2EE21FF175C00B20013 /* Release */ = {
			isa = XCBuildConfiguration;
			baseConfigurationReference = 29D1BC7BCDFD6AB028A8E4DB /* Pods-Wassup Paris.release.xcconfig */;
			buildSettings = {
				ASSETCATALOG_COMPILER_APPICON_NAME = AppIcon;
				CODE_SIGN_STYLE = Automatic;
				DEVELOPMENT_TEAM = EM9P8H6H4E;
				INFOPLIST_FILE = "Wassup Paris/Info.plist";
				IPHONEOS_DEPLOYMENT_TARGET = 9.0;
				LD_RUNPATH_SEARCH_PATHS = (
					"$(inherited)",
					"@executable_path/Frameworks",
				);
				PRODUCT_BUNDLE_IDENTIFIER = "braminstudio.Wassup-Paris";
				PRODUCT_NAME = "$(TARGET_NAME)";
				SWIFT_VERSION = 4.2;
				TARGETED_DEVICE_FAMILY = "1,2";
			};
			name = Release;
		};
		5B89B2F021FF175C00B20013 /* Debug */ = {
			isa = XCBuildConfiguration;
			baseConfigurationReference = EE18F951156BCD003B6B0646 /* Pods-Wassup ParisTests.debug.xcconfig */;
			buildSettings = {
				ALWAYS_EMBED_SWIFT_STANDARD_LIBRARIES = YES;
				BUNDLE_LOADER = "$(TEST_HOST)";
				CODE_SIGN_STYLE = Automatic;
				DEVELOPMENT_TEAM = EM9P8H6H4E;
				INFOPLIST_FILE = "Wassup ParisTests/Info.plist";
				LD_RUNPATH_SEARCH_PATHS = (
					"$(inherited)",
					"@executable_path/Frameworks",
					"@loader_path/Frameworks",
				);
				PRODUCT_BUNDLE_IDENTIFIER = "braminstudio.Wassup-ParisTests";
				PRODUCT_NAME = "$(TARGET_NAME)";
				SWIFT_VERSION = 4.2;
				TARGETED_DEVICE_FAMILY = "1,2";
				TEST_HOST = "$(BUILT_PRODUCTS_DIR)/Wassup Paris.app/Wassup Paris";
			};
			name = Debug;
		};
		5B89B2F121FF175C00B20013 /* Release */ = {
			isa = XCBuildConfiguration;
			baseConfigurationReference = 4D31D7D8D2EFDB086D6492E2 /* Pods-Wassup ParisTests.release.xcconfig */;
			buildSettings = {
				ALWAYS_EMBED_SWIFT_STANDARD_LIBRARIES = YES;
				BUNDLE_LOADER = "$(TEST_HOST)";
				CODE_SIGN_STYLE = Automatic;
				DEVELOPMENT_TEAM = EM9P8H6H4E;
				INFOPLIST_FILE = "Wassup ParisTests/Info.plist";
				LD_RUNPATH_SEARCH_PATHS = (
					"$(inherited)",
					"@executable_path/Frameworks",
					"@loader_path/Frameworks",
				);
				PRODUCT_BUNDLE_IDENTIFIER = "braminstudio.Wassup-ParisTests";
				PRODUCT_NAME = "$(TARGET_NAME)";
				SWIFT_VERSION = 4.2;
				TARGETED_DEVICE_FAMILY = "1,2";
				TEST_HOST = "$(BUILT_PRODUCTS_DIR)/Wassup Paris.app/Wassup Paris";
			};
			name = Release;
		};
		5B89B2F321FF175C00B20013 /* Debug */ = {
			isa = XCBuildConfiguration;
			baseConfigurationReference = 9935C9E2CFFE0E3EA3F9B8F1 /* Pods-Wassup ParisUITests.debug.xcconfig */;
			buildSettings = {
				ALWAYS_EMBED_SWIFT_STANDARD_LIBRARIES = YES;
				CODE_SIGN_STYLE = Automatic;
				DEVELOPMENT_TEAM = EM9P8H6H4E;
				INFOPLIST_FILE = "Wassup ParisUITests/Info.plist";
				LD_RUNPATH_SEARCH_PATHS = (
					"$(inherited)",
					"@executable_path/Frameworks",
					"@loader_path/Frameworks",
				);
				PRODUCT_BUNDLE_IDENTIFIER = "braminstudio.Wassup-ParisUITests";
				PRODUCT_NAME = "$(TARGET_NAME)";
				SWIFT_VERSION = 4.2;
				TARGETED_DEVICE_FAMILY = "1,2";
				TEST_TARGET_NAME = "Wassup Paris";
			};
			name = Debug;
		};
		5B89B2F421FF175C00B20013 /* Release */ = {
			isa = XCBuildConfiguration;
			baseConfigurationReference = 4248F91572BB40FE27C25C9C /* Pods-Wassup ParisUITests.release.xcconfig */;
			buildSettings = {
				ALWAYS_EMBED_SWIFT_STANDARD_LIBRARIES = YES;
				CODE_SIGN_STYLE = Automatic;
				DEVELOPMENT_TEAM = EM9P8H6H4E;
				INFOPLIST_FILE = "Wassup ParisUITests/Info.plist";
				LD_RUNPATH_SEARCH_PATHS = (
					"$(inherited)",
					"@executable_path/Frameworks",
					"@loader_path/Frameworks",
				);
				PRODUCT_BUNDLE_IDENTIFIER = "braminstudio.Wassup-ParisUITests";
				PRODUCT_NAME = "$(TARGET_NAME)";
				SWIFT_VERSION = 4.2;
				TARGETED_DEVICE_FAMILY = "1,2";
				TEST_TARGET_NAME = "Wassup Paris";
			};
			name = Release;
		};
/* End XCBuildConfiguration section */

/* Begin XCConfigurationList section */
		5B89B2BF21FF175A00B20013 /* Build configuration list for PBXProject "Wassup Paris" */ = {
			isa = XCConfigurationList;
			buildConfigurations = (
				5B89B2EA21FF175C00B20013 /* Debug */,
				5B89B2EB21FF175C00B20013 /* Release */,
			);
			defaultConfigurationIsVisible = 0;
			defaultConfigurationName = Release;
		};
		5B89B2EC21FF175C00B20013 /* Build configuration list for PBXNativeTarget "Wassup Paris" */ = {
			isa = XCConfigurationList;
			buildConfigurations = (
				5B89B2ED21FF175C00B20013 /* Debug */,
				5B89B2EE21FF175C00B20013 /* Release */,
			);
			defaultConfigurationIsVisible = 0;
			defaultConfigurationName = Release;
		};
		5B89B2EF21FF175C00B20013 /* Build configuration list for PBXNativeTarget "Wassup ParisTests" */ = {
			isa = XCConfigurationList;
			buildConfigurations = (
				5B89B2F021FF175C00B20013 /* Debug */,
				5B89B2F121FF175C00B20013 /* Release */,
			);
			defaultConfigurationIsVisible = 0;
			defaultConfigurationName = Release;
		};
		5B89B2F221FF175C00B20013 /* Build configuration list for PBXNativeTarget "Wassup ParisUITests" */ = {
			isa = XCConfigurationList;
			buildConfigurations = (
				5B89B2F321FF175C00B20013 /* Debug */,
				5B89B2F421FF175C00B20013 /* Release */,
			);
			defaultConfigurationIsVisible = 0;
			defaultConfigurationName = Release;
		};
/* End XCConfigurationList section */
	};
	rootObject = 5B89B2BC21FF175A00B20013 /* Project object */;
}
